
Microsoft Visual Studio Solution File, Format Version 12.00
# Visual Studio Version 16
VisualStudioVersion = 16.0.29201.188
MinimumVisualStudioVersion = 10.0.40219.1
Project("{9A19103F-16F7-4668-BE54-9A1E7A4F7556}") = "LojaNatural", "LojaNatural\LojaNatural.csproj", "{3F619DE9-D969-44C5-A77A-0206409C8A38}"
EndProject
Project("{9A19103F-16F7-4668-BE54-9A1E7A4F7556}") = "LojaNatural.Shered", "LojaNatural.Shered\LojaNatural.Shered.csproj", "{23FE01D4-5F82-40EC-A8B1-18B2E78F1A1E}"
EndProject
Project("{FAE04EC0-301F-11D3-BF4B-00C04F79EFBC}") = "LojaNatural.Infra", "LojaNatural.Infra\LojaNatural.Infra.csproj", "{7843A215-0B7D-4D5C-82B0-9158A2D441EC}"
EndProject
Project("{FAE04EC0-301F-11D3-BF4B-00C04F79EFBC}") = "LojaNatural.Dominio", "LojaNatural.Dominio\LojaNatural.Dominio.csproj", "{185E3B3C-EBEE-4920-B4F3-A7FFFBD35FEE}"
EndProject
Global
	GlobalSection(SolutionConfigurationPlatforms) = preSolution
		Debug|Any CPU = Debug|Any CPU
		Release|Any CPU = Release|Any CPU
	EndGlobalSection
	GlobalSection(ProjectConfigurationPlatforms) = postSolution
		{3F619DE9-D969-44C5-A77A-0206409C8A38}.Debug|Any CPU.ActiveCfg = Debug|Any CPU
		{3F619DE9-D969-44C5-A77A-0206409C8A38}.Debug|Any CPU.Build.0 = Debug|Any CPU
		{3F619DE9-D969-44C5-A77A-0206409C8A38}.Release|Any CPU.ActiveCfg = Release|Any CPU
		{3F619DE9-D969-44C5-A77A-0206409C8A38}.Release|Any CPU.Build.0 = Release|Any CPU
		{23FE01D4-5F82-40EC-A8B1-18B2E78F1A1E}.Debug|Any CPU.ActiveCfg = Debug|Any CPU
		{23FE01D4-5F82-40EC-A8B1-18B2E78F1A1E}.Debug|Any CPU.Build.0 = Debug|Any CPU
		{23FE01D4-5F82-40EC-A8B1-18B2E78F1A1E}.Release|Any CPU.ActiveCfg = Release|Any CPU
		{23FE01D4-5F82-40EC-A8B1-18B2E78F1A1E}.Release|Any CPU.Build.0 = Release|Any CPU
		{7843A215-0B7D-4D5C-82B0-9158A2D441EC}.Debug|Any CPU.ActiveCfg = Debug|Any CPU
		{7843A215-0B7D-4D5C-82B0-9158A2D441EC}.Debug|Any CPU.Build.0 = Debug|Any CPU
		{7843A215-0B7D-4D5C-82B0-9158A2D441EC}.Release|Any CPU.ActiveCfg = Release|Any CPU
		{7843A215-0B7D-4D5C-82B0-9158A2D441EC}.Release|Any CPU.Build.0 = Release|Any CPU
		{185E3B3C-EBEE-4920-B4F3-A7FFFBD35FEE}.Debug|Any CPU.ActiveCfg = Debug|Any CPU
		{185E3B3C-EBEE-4920-B4F3-A7FFFBD35FEE}.Debug|Any CPU.Build.0 = Debug|Any CPU
		{185E3B3C-EBEE-4920-B4F3-A7FFFBD35FEE}.Release|Any CPU.ActiveCfg = Release|Any CPU
		{185E3B3C-EBEE-4920-B4F3-A7FFFBD35FEE}.Release|Any CPU.Build.0 = Release|Any CPU
	EndGlobalSection
	GlobalSection(SolutionProperties) = preSolution
		HideSolutionNode = FALSE
	EndGlobalSection
	GlobalSection(ExtensibilityGlobals) = postSolution
		SolutionGuid = {3DE2A4B2-3F47-45ED-9F53-946C6619C3F5}
	EndGlobalSection
EndGlobal
